
Microsoft Visual Studio Solution File, Format Version 12.00
# Visual Studio Version 17
VisualStudioVersion = 17.10.35122.118
MinimumVisualStudioVersion = 10.0.40219.1
Project("{FAE04EC0-301F-11D3-BF4B-00C04F79EFBC}") = "AgentsMennager", "AgentsMennager\AgentsMennager.csproj", "{B0E80236-BE35-4018-8ADA-1FB5F0F338C1}"
EndProject
Global
	GlobalSection(SolutionConfigurationPlatforms) = preSolution
		Debug|Any CPU = Debug|Any CPU
		Release|Any CPU = Release|Any CPU
	EndGlobalSection
	GlobalSection(ProjectConfigurationPlatforms) = postSolution
		{B0E80236-BE35-4018-8ADA-1FB5F0F338C1}.Debug|Any CPU.ActiveCfg = Debug|Any CPU
		{B0E80236-BE35-4018-8ADA-1FB5F0F338C1}.Debug|Any CPU.Build.0 = Debug|Any CPU
		{B0E80236-BE35-4018-8ADA-1FB5F0F338C1}.Release|Any CPU.ActiveCfg = Release|Any CPU
		{B0E80236-BE35-4018-8ADA-1FB5F0F338C1}.Release|Any CPU.Build.0 = Release|Any CPU
	EndGlobalSection
	GlobalSection(SolutionProperties) = preSolution
		HideSolutionNode = FALSE
	EndGlobalSection
	GlobalSection(ExtensibilityGlobals) = postSolution
		SolutionGuid = {832B84EA-B1A4-40F6-8E00-44BD7FCEB701}
	EndGlobalSection
EndGlobal
